
Microsoft Visual Studio Solution File, Format Version 12.00
# Visual Studio 15
VisualStudioVersion = 15.0.27428.2043
MinimumVisualStudioVersion = 10.0.40219.1
Project("{9A19103F-16F7-4668-BE54-9A1E7A4F7556}") = "SoftUni Reception", "Programming Fundamentals Exam 01 July 2018\SoftUni Reception.csproj", "{5E29E872-B8A7-4632-847D-65D49B616BB2}"
EndProject
Project("{9A19103F-16F7-4668-BE54-9A1E7A4F7556}") = "SoftUni Course Planning", "SoftUni Course Planning\SoftUni Course Planning.csproj", "{74C1E623-28D1-4EBB-9970-B98967EE72F5}"
EndProject
Project("{FAE04EC0-301F-11D3-BF4B-00C04F79EFBC}") = "SoftUni Bar Income", "SoftUni Bar Income\SoftUni Bar Income.csproj", "{211842CE-6A69-46B4-8EC2-C2C8A277FCC2}"
EndProject
Project("{FAE04EC0-301F-11D3-BF4B-00C04F79EFBC}") = "SoftUni Exam Results", "SoftUni Exam Results\SoftUni Exam Results.csproj", "{C4C1698B-36C8-40AE-9339-5E037C9469C8}"
EndProject
Global
	GlobalSection(SolutionConfigurationPlatforms) = preSolution
		Debug|Any CPU = Debug|Any CPU
		Release|Any CPU = Release|Any CPU
	EndGlobalSection
	GlobalSection(ProjectConfigurationPlatforms) = postSolution
		{5E29E872-B8A7-4632-847D-65D49B616BB2}.Debug|Any CPU.ActiveCfg = Debug|Any CPU
		{5E29E872-B8A7-4632-847D-65D49B616BB2}.Debug|Any CPU.Build.0 = Debug|Any CPU
		{5E29E872-B8A7-4632-847D-65D49B616BB2}.Release|Any CPU.ActiveCfg = Release|Any CPU
		{5E29E872-B8A7-4632-847D-65D49B616BB2}.Release|Any CPU.Build.0 = Release|Any CPU
		{74C1E623-28D1-4EBB-9970-B98967EE72F5}.Debug|Any CPU.ActiveCfg = Debug|Any CPU
		{74C1E623-28D1-4EBB-9970-B98967EE72F5}.Debug|Any CPU.Build.0 = Debug|Any CPU
		{74C1E623-28D1-4EBB-9970-B98967EE72F5}.Release|Any CPU.ActiveCfg = Release|Any CPU
		{74C1E623-28D1-4EBB-9970-B98967EE72F5}.Release|Any CPU.Build.0 = Release|Any CPU
		{211842CE-6A69-46B4-8EC2-C2C8A277FCC2}.Debug|Any CPU.ActiveCfg = Debug|Any CPU
		{211842CE-6A69-46B4-8EC2-C2C8A277FCC2}.Debug|Any CPU.Build.0 = Debug|Any CPU
		{211842CE-6A69-46B4-8EC2-C2C8A277FCC2}.Release|Any CPU.ActiveCfg = Release|Any CPU
		{211842CE-6A69-46B4-8EC2-C2C8A277FCC2}.Release|Any CPU.Build.0 = Release|Any CPU
		{C4C1698B-36C8-40AE-9339-5E037C9469C8}.Debug|Any CPU.ActiveCfg = Debug|Any CPU
		{C4C1698B-36C8-40AE-9339-5E037C9469C8}.Debug|Any CPU.Build.0 = Debug|Any CPU
		{C4C1698B-36C8-40AE-9339-5E037C9469C8}.Release|Any CPU.ActiveCfg = Release|Any CPU
		{C4C1698B-36C8-40AE-9339-5E037C9469C8}.Release|Any CPU.Build.0 = Release|Any CPU
	EndGlobalSection
	GlobalSection(SolutionProperties) = preSolution
		HideSolutionNode = FALSE
	EndGlobalSection
	GlobalSection(ExtensibilityGlobals) = postSolution
		SolutionGuid = {CE1906DB-19CC-44AF-B49F-631A22A321DF}
	EndGlobalSection
EndGlobal
