
Microsoft Visual Studio Solution File, Format Version 12.00
# Visual Studio 15
VisualStudioVersion = 15.0.27428.2043
MinimumVisualStudioVersion = 10.0.40219.1
Project("{9A19103F-16F7-4668-BE54-9A1E7A4F7556}") = "Anonymous Downsite", "ProgrammingFundamentals Exam 05 November 2017\Anonymous Downsite.csproj", "{3A3990E0-C86F-46E3-A4C8-1DFF729423E8}"
EndProject
Project("{9A19103F-16F7-4668-BE54-9A1E7A4F7556}") = "Anonymous Threat", "Anonymous Threat\Anonymous Threat.csproj", "{0471A964-2BDA-4A44-B5EB-4AA4C165C79B}"
EndProject
Project("{FAE04EC0-301F-11D3-BF4B-00C04F79EFBC}") = "Anonymous Vox", "Anonymous Vox\Anonymous Vox.csproj", "{0761B35D-8437-4F50-B2B6-2CA6CBA8E85E}"
EndProject
Project("{FAE04EC0-301F-11D3-BF4B-00C04F79EFBC}") = "Anonymous Cache", "Anonymous Cache\Anonymous Cache.csproj", "{9F7829C9-8331-4FC4-ACA3-C17F66BD13F4}"
EndProject
Global
	GlobalSection(SolutionConfigurationPlatforms) = preSolution
		Debug|Any CPU = Debug|Any CPU
		Release|Any CPU = Release|Any CPU
	EndGlobalSection
	GlobalSection(ProjectConfigurationPlatforms) = postSolution
		{3A3990E0-C86F-46E3-A4C8-1DFF729423E8}.Debug|Any CPU.ActiveCfg = Debug|Any CPU
		{3A3990E0-C86F-46E3-A4C8-1DFF729423E8}.Debug|Any CPU.Build.0 = Debug|Any CPU
		{3A3990E0-C86F-46E3-A4C8-1DFF729423E8}.Release|Any CPU.ActiveCfg = Release|Any CPU
		{3A3990E0-C86F-46E3-A4C8-1DFF729423E8}.Release|Any CPU.Build.0 = Release|Any CPU
		{0471A964-2BDA-4A44-B5EB-4AA4C165C79B}.Debug|Any CPU.ActiveCfg = Debug|Any CPU
		{0471A964-2BDA-4A44-B5EB-4AA4C165C79B}.Debug|Any CPU.Build.0 = Debug|Any CPU
		{0471A964-2BDA-4A44-B5EB-4AA4C165C79B}.Release|Any CPU.ActiveCfg = Release|Any CPU
		{0471A964-2BDA-4A44-B5EB-4AA4C165C79B}.Release|Any CPU.Build.0 = Release|Any CPU
		{0761B35D-8437-4F50-B2B6-2CA6CBA8E85E}.Debug|Any CPU.ActiveCfg = Debug|Any CPU
		{0761B35D-8437-4F50-B2B6-2CA6CBA8E85E}.Debug|Any CPU.Build.0 = Debug|Any CPU
		{0761B35D-8437-4F50-B2B6-2CA6CBA8E85E}.Release|Any CPU.ActiveCfg = Release|Any CPU
		{0761B35D-8437-4F50-B2B6-2CA6CBA8E85E}.Release|Any CPU.Build.0 = Release|Any CPU
		{9F7829C9-8331-4FC4-ACA3-C17F66BD13F4}.Debug|Any CPU.ActiveCfg = Debug|Any CPU
		{9F7829C9-8331-4FC4-ACA3-C17F66BD13F4}.Debug|Any CPU.Build.0 = Debug|Any CPU
		{9F7829C9-8331-4FC4-ACA3-C17F66BD13F4}.Release|Any CPU.ActiveCfg = Release|Any CPU
		{9F7829C9-8331-4FC4-ACA3-C17F66BD13F4}.Release|Any CPU.Build.0 = Release|Any CPU
	EndGlobalSection
	GlobalSection(SolutionProperties) = preSolution
		HideSolutionNode = FALSE
	EndGlobalSection
	GlobalSection(ExtensibilityGlobals) = postSolution
		SolutionGuid = {F39BCE8E-16A3-4B42-B2F6-D8F1F8882F41}
	EndGlobalSection
EndGlobal
