
Microsoft Visual Studio Solution File, Format Version 12.00
# Visual Studio 15
VisualStudioVersion = 15.0.27130.2036
MinimumVisualStudioVersion = 10.0.40219.1
Project("{FAE04EC0-301F-11D3-BF4B-00C04F79EFBC}") = "More Exercises Dictionaries and Lists", "More Exercises Dictionaries and Lists\More Exercises Dictionaries and Lists.csproj", "{67936431-9B22-44E7-8E29-317E04692292}"
EndProject
Project("{FAE04EC0-301F-11D3-BF4B-00C04F79EFBC}") = "Odd Filter", "Odd Filter\Odd Filter.csproj", "{7AE16CA6-5310-4B05-845E-6D7536235303}"
EndProject
Project("{FAE04EC0-301F-11D3-BF4B-00C04F79EFBC}") = "Immune System", "Immune System\Immune System.csproj", "{D0E786AE-AF75-4EC0-980C-D7D688345467}"
EndProject
Project("{FAE04EC0-301F-11D3-BF4B-00C04F79EFBC}") = "Supermarket Database", "Supermarket Database\Supermarket Database.csproj", "{90346D5B-2D3D-4AE5-9F0F-9B6BF300213B}"
EndProject
Project("{FAE04EC0-301F-11D3-BF4B-00C04F79EFBC}") = "Parking Validation", "Parking Validation\Parking Validation.csproj", "{4A5B005D-391A-4105-9DE3-EB106AEBF2D8}"
EndProject
Project("{FAE04EC0-301F-11D3-BF4B-00C04F79EFBC}") = "Byte Flip", "Byte Flip\Byte Flip.csproj", "{C40E9A9F-0CBD-477C-BD16-6545A099C137}"
EndProject
Project("{FAE04EC0-301F-11D3-BF4B-00C04F79EFBC}") = "Take-Skip Rope", "Take-Skip Rope\Take-Skip Rope.csproj", "{064D7BF5-4483-4DCC-AA98-9C72E0E3635A}"
EndProject
Project("{FAE04EC0-301F-11D3-BF4B-00C04F79EFBC}") = "TakeRope", "TakeRope\TakeRope.csproj", "{013DA064-87CF-4860-B1E5-AF9F351C60BE}"
EndProject
Global
	GlobalSection(SolutionConfigurationPlatforms) = preSolution
		Debug|Any CPU = Debug|Any CPU
		Release|Any CPU = Release|Any CPU
	EndGlobalSection
	GlobalSection(ProjectConfigurationPlatforms) = postSolution
		{67936431-9B22-44E7-8E29-317E04692292}.Debug|Any CPU.ActiveCfg = Debug|Any CPU
		{67936431-9B22-44E7-8E29-317E04692292}.Debug|Any CPU.Build.0 = Debug|Any CPU
		{67936431-9B22-44E7-8E29-317E04692292}.Release|Any CPU.ActiveCfg = Release|Any CPU
		{67936431-9B22-44E7-8E29-317E04692292}.Release|Any CPU.Build.0 = Release|Any CPU
		{7AE16CA6-5310-4B05-845E-6D7536235303}.Debug|Any CPU.ActiveCfg = Debug|Any CPU
		{7AE16CA6-5310-4B05-845E-6D7536235303}.Debug|Any CPU.Build.0 = Debug|Any CPU
		{7AE16CA6-5310-4B05-845E-6D7536235303}.Release|Any CPU.ActiveCfg = Release|Any CPU
		{7AE16CA6-5310-4B05-845E-6D7536235303}.Release|Any CPU.Build.0 = Release|Any CPU
		{D0E786AE-AF75-4EC0-980C-D7D688345467}.Debug|Any CPU.ActiveCfg = Debug|Any CPU
		{D0E786AE-AF75-4EC0-980C-D7D688345467}.Debug|Any CPU.Build.0 = Debug|Any CPU
		{D0E786AE-AF75-4EC0-980C-D7D688345467}.Release|Any CPU.ActiveCfg = Release|Any CPU
		{D0E786AE-AF75-4EC0-980C-D7D688345467}.Release|Any CPU.Build.0 = Release|Any CPU
		{90346D5B-2D3D-4AE5-9F0F-9B6BF300213B}.Debug|Any CPU.ActiveCfg = Debug|Any CPU
		{90346D5B-2D3D-4AE5-9F0F-9B6BF300213B}.Debug|Any CPU.Build.0 = Debug|Any CPU
		{90346D5B-2D3D-4AE5-9F0F-9B6BF300213B}.Release|Any CPU.ActiveCfg = Release|Any CPU
		{90346D5B-2D3D-4AE5-9F0F-9B6BF300213B}.Release|Any CPU.Build.0 = Release|Any CPU
		{4A5B005D-391A-4105-9DE3-EB106AEBF2D8}.Debug|Any CPU.ActiveCfg = Debug|Any CPU
		{4A5B005D-391A-4105-9DE3-EB106AEBF2D8}.Debug|Any CPU.Build.0 = Debug|Any CPU
		{4A5B005D-391A-4105-9DE3-EB106AEBF2D8}.Release|Any CPU.ActiveCfg = Release|Any CPU
		{4A5B005D-391A-4105-9DE3-EB106AEBF2D8}.Release|Any CPU.Build.0 = Release|Any CPU
		{C40E9A9F-0CBD-477C-BD16-6545A099C137}.Debug|Any CPU.ActiveCfg = Debug|Any CPU
		{C40E9A9F-0CBD-477C-BD16-6545A099C137}.Debug|Any CPU.Build.0 = Debug|Any CPU
		{C40E9A9F-0CBD-477C-BD16-6545A099C137}.Release|Any CPU.ActiveCfg = Release|Any CPU
		{C40E9A9F-0CBD-477C-BD16-6545A099C137}.Release|Any CPU.Build.0 = Release|Any CPU
		{064D7BF5-4483-4DCC-AA98-9C72E0E3635A}.Debug|Any CPU.ActiveCfg = Debug|Any CPU
		{064D7BF5-4483-4DCC-AA98-9C72E0E3635A}.Debug|Any CPU.Build.0 = Debug|Any CPU
		{064D7BF5-4483-4DCC-AA98-9C72E0E3635A}.Release|Any CPU.ActiveCfg = Release|Any CPU
		{064D7BF5-4483-4DCC-AA98-9C72E0E3635A}.Release|Any CPU.Build.0 = Release|Any CPU
		{013DA064-87CF-4860-B1E5-AF9F351C60BE}.Debug|Any CPU.ActiveCfg = Debug|Any CPU
		{013DA064-87CF-4860-B1E5-AF9F351C60BE}.Debug|Any CPU.Build.0 = Debug|Any CPU
		{013DA064-87CF-4860-B1E5-AF9F351C60BE}.Release|Any CPU.ActiveCfg = Release|Any CPU
		{013DA064-87CF-4860-B1E5-AF9F351C60BE}.Release|Any CPU.Build.0 = Release|Any CPU
	EndGlobalSection
	GlobalSection(SolutionProperties) = preSolution
		HideSolutionNode = FALSE
	EndGlobalSection
	GlobalSection(ExtensibilityGlobals) = postSolution
		SolutionGuid = {8DE4B0C1-A60D-428A-B9FE-7DB1D0521179}
	EndGlobalSection
EndGlobal
