
Microsoft Visual Studio Solution File, Format Version 12.00
# Visual Studio 15
VisualStudioVersion = 15.0.27130.2036
MinimumVisualStudioVersion = 10.0.40219.1
Project("{FAE04EC0-301F-11D3-BF4B-00C04F79EFBC}") = "C Sharp Basics - More Exercises", "C Sharp Basics - More Exercises\C Sharp Basics - More Exercises.csproj", "{6D30C6C3-8EB5-4CFC-B971-4A7F468405F6}"
EndProject
Project("{FAE04EC0-301F-11D3-BF4B-00C04F79EFBC}") = "X", "X\X.csproj", "{6B263031-E326-4E85-BD7A-9FED632B3371}"
EndProject
Project("{FAE04EC0-301F-11D3-BF4B-00C04F79EFBC}") = "Vapor Store", "Vapor Store\Vapor Store.csproj", "{98A8349D-1FC9-4F12-AB11-88F88ABB8F5B}"
EndProject
Project("{FAE04EC0-301F-11D3-BF4B-00C04F79EFBC}") = "Megapixels", "Megapixels\Megapixels.csproj", "{5E3BD69A-279B-4A3A-AE4C-A1F3069D8F09}"
EndProject
Project("{FAE04EC0-301F-11D3-BF4B-00C04F79EFBC}") = "Photo Gallery", "Photo Gallery\Photo Gallery.csproj", "{CC8238AC-1ED8-4190-849D-C2AD990FD9F4}"
EndProject
Project("{FAE04EC0-301F-11D3-BF4B-00C04F79EFBC}") = "BPM Counter", "BPM Counter\BPM Counter.csproj", "{669C37A4-94E1-44E1-8659-36B0698D1BC2}"
EndProject
Project("{FAE04EC0-301F-11D3-BF4B-00C04F79EFBC}") = "DNA Sequences", "DNA Sequences\DNA Sequences.csproj", "{DCD81CC9-6F28-485E-92A5-0897B007A1E9}"
EndProject
Project("{FAE04EC0-301F-11D3-BF4B-00C04F79EFBC}") = "Training Hall Equipment", "Training Hall Equipment\Training Hall Equipment.csproj", "{A61553A6-F542-48FF-8FDF-2893C4532572}"
EndProject
Project("{FAE04EC0-301F-11D3-BF4B-00C04F79EFBC}") = "SMS Typing", "SMS Typing\SMS Typing.csproj", "{BC8DA41E-3CCC-4117-9E13-FE29EA6B4FB6}"
EndProject
Global
	GlobalSection(SolutionConfigurationPlatforms) = preSolution
		Debug|Any CPU = Debug|Any CPU
		Release|Any CPU = Release|Any CPU
	EndGlobalSection
	GlobalSection(ProjectConfigurationPlatforms) = postSolution
		{6D30C6C3-8EB5-4CFC-B971-4A7F468405F6}.Debug|Any CPU.ActiveCfg = Debug|Any CPU
		{6D30C6C3-8EB5-4CFC-B971-4A7F468405F6}.Debug|Any CPU.Build.0 = Debug|Any CPU
		{6D30C6C3-8EB5-4CFC-B971-4A7F468405F6}.Release|Any CPU.ActiveCfg = Release|Any CPU
		{6D30C6C3-8EB5-4CFC-B971-4A7F468405F6}.Release|Any CPU.Build.0 = Release|Any CPU
		{6B263031-E326-4E85-BD7A-9FED632B3371}.Debug|Any CPU.ActiveCfg = Debug|Any CPU
		{6B263031-E326-4E85-BD7A-9FED632B3371}.Debug|Any CPU.Build.0 = Debug|Any CPU
		{6B263031-E326-4E85-BD7A-9FED632B3371}.Release|Any CPU.ActiveCfg = Release|Any CPU
		{6B263031-E326-4E85-BD7A-9FED632B3371}.Release|Any CPU.Build.0 = Release|Any CPU
		{98A8349D-1FC9-4F12-AB11-88F88ABB8F5B}.Debug|Any CPU.ActiveCfg = Debug|Any CPU
		{98A8349D-1FC9-4F12-AB11-88F88ABB8F5B}.Debug|Any CPU.Build.0 = Debug|Any CPU
		{98A8349D-1FC9-4F12-AB11-88F88ABB8F5B}.Release|Any CPU.ActiveCfg = Release|Any CPU
		{98A8349D-1FC9-4F12-AB11-88F88ABB8F5B}.Release|Any CPU.Build.0 = Release|Any CPU
		{5E3BD69A-279B-4A3A-AE4C-A1F3069D8F09}.Debug|Any CPU.ActiveCfg = Debug|Any CPU
		{5E3BD69A-279B-4A3A-AE4C-A1F3069D8F09}.Debug|Any CPU.Build.0 = Debug|Any CPU
		{5E3BD69A-279B-4A3A-AE4C-A1F3069D8F09}.Release|Any CPU.ActiveCfg = Release|Any CPU
		{5E3BD69A-279B-4A3A-AE4C-A1F3069D8F09}.Release|Any CPU.Build.0 = Release|Any CPU
		{CC8238AC-1ED8-4190-849D-C2AD990FD9F4}.Debug|Any CPU.ActiveCfg = Debug|Any CPU
		{CC8238AC-1ED8-4190-849D-C2AD990FD9F4}.Debug|Any CPU.Build.0 = Debug|Any CPU
		{CC8238AC-1ED8-4190-849D-C2AD990FD9F4}.Release|Any CPU.ActiveCfg = Release|Any CPU
		{CC8238AC-1ED8-4190-849D-C2AD990FD9F4}.Release|Any CPU.Build.0 = Release|Any CPU
		{669C37A4-94E1-44E1-8659-36B0698D1BC2}.Debug|Any CPU.ActiveCfg = Debug|Any CPU
		{669C37A4-94E1-44E1-8659-36B0698D1BC2}.Debug|Any CPU.Build.0 = Debug|Any CPU
		{669C37A4-94E1-44E1-8659-36B0698D1BC2}.Release|Any CPU.ActiveCfg = Release|Any CPU
		{669C37A4-94E1-44E1-8659-36B0698D1BC2}.Release|Any CPU.Build.0 = Release|Any CPU
		{DCD81CC9-6F28-485E-92A5-0897B007A1E9}.Debug|Any CPU.ActiveCfg = Debug|Any CPU
		{DCD81CC9-6F28-485E-92A5-0897B007A1E9}.Debug|Any CPU.Build.0 = Debug|Any CPU
		{DCD81CC9-6F28-485E-92A5-0897B007A1E9}.Release|Any CPU.ActiveCfg = Release|Any CPU
		{DCD81CC9-6F28-485E-92A5-0897B007A1E9}.Release|Any CPU.Build.0 = Release|Any CPU
		{A61553A6-F542-48FF-8FDF-2893C4532572}.Debug|Any CPU.ActiveCfg = Debug|Any CPU
		{A61553A6-F542-48FF-8FDF-2893C4532572}.Debug|Any CPU.Build.0 = Debug|Any CPU
		{A61553A6-F542-48FF-8FDF-2893C4532572}.Release|Any CPU.ActiveCfg = Release|Any CPU
		{A61553A6-F542-48FF-8FDF-2893C4532572}.Release|Any CPU.Build.0 = Release|Any CPU
		{BC8DA41E-3CCC-4117-9E13-FE29EA6B4FB6}.Debug|Any CPU.ActiveCfg = Debug|Any CPU
		{BC8DA41E-3CCC-4117-9E13-FE29EA6B4FB6}.Debug|Any CPU.Build.0 = Debug|Any CPU
		{BC8DA41E-3CCC-4117-9E13-FE29EA6B4FB6}.Release|Any CPU.ActiveCfg = Release|Any CPU
		{BC8DA41E-3CCC-4117-9E13-FE29EA6B4FB6}.Release|Any CPU.Build.0 = Release|Any CPU
	EndGlobalSection
	GlobalSection(SolutionProperties) = preSolution
		HideSolutionNode = FALSE
	EndGlobalSection
	GlobalSection(ExtensibilityGlobals) = postSolution
		SolutionGuid = {4BC49FF8-14B1-4517-834F-B9E4459638F7}
	EndGlobalSection
EndGlobal
